{
  "name": "crowd-simulation",
  "version": "1.0.0",
  "lockfileVersion": 1,
  "requires": true,
  "dependencies": {
    "flocc": {
      "version": "0.1.0",
      "resolved": "https://registry.npmjs.org/flocc/-/flocc-0.1.0.tgz",
      "integrity": "sha512-dPJ5YYFef3/COFHnxAsR5Bv58aee3+dy9e0yxnt4k6rG3ajtJORxytL1/9nL2GtaUxun7l6+D2x0YIlfn3JPbQ=="
    }
  }
}
